
Microsoft Visual Studio Solution File, Format Version 12.00
# Visual Studio Version 17
VisualStudioVersion = 17.4.33213.308
MinimumVisualStudioVersion = 10.0.40219.1
Project("{FAE04EC0-301F-11D3-BF4B-00C04F79EFBC}") = "Симулятор Компьютерного клуба", "Симулятор Компьютерного клуба\Симулятор Компьютерного клуба.csproj", "{D05A922E-DC5A-4C92-AB66-89EE68335487}"
EndProject
Global
	GlobalSection(SolutionConfigurationPlatforms) = preSolution
		Debug|Any CPU = Debug|Any CPU
		Release|Any CPU = Release|Any CPU
	EndGlobalSection
	GlobalSection(ProjectConfigurationPlatforms) = postSolution
		{D05A922E-DC5A-4C92-AB66-89EE68335487}.Debug|Any CPU.ActiveCfg = Debug|Any CPU
		{D05A922E-DC5A-4C92-AB66-89EE68335487}.Debug|Any CPU.Build.0 = Debug|Any CPU
		{D05A922E-DC5A-4C92-AB66-89EE68335487}.Release|Any CPU.ActiveCfg = Release|Any CPU
		{D05A922E-DC5A-4C92-AB66-89EE68335487}.Release|Any CPU.Build.0 = Release|Any CPU
	EndGlobalSection
	GlobalSection(SolutionProperties) = preSolution
		HideSolutionNode = FALSE
	EndGlobalSection
	GlobalSection(ExtensibilityGlobals) = postSolution
		SolutionGuid = {C10F2FBD-3308-4ECA-9AE5-BEA11F5EAD2E}
	EndGlobalSection
EndGlobal
